{
    "_readme": [
        "This file locks the dependencies of your project to a known state",
        "Read more about it at https://getcomposer.org/doc/01-basic-usage.md#composer-lock-the-lock-file",
        "This file is @generated automatically"
    ],
    "hash": "a2c32ed5a46cab061b3e4eb1ab42e660",
    "packages": [
        {
            "name": "rosengate/exedra",
            "version": "dev-master",
            "source": {
                "type": "git",
                "url": "https://github.com/Rosengate/exedra.git",
                "reference": "29c8e6a0a89afa76ad4b824e762c3798de00c14c"
            },
            "dist": {
                "type": "zip",
                "url": "https://api.github.com/repos/Rosengate/exedra/zipball/29c8e6a0a89afa76ad4b824e762c3798de00c14c",
                "reference": "29c8e6a0a89afa76ad4b824e762c3798de00c14c",
                "shasum": ""
            },
            "type": "library",
            "autoload": {
                "psr-0": {
                    "Exedra\\": ""
                }
            },
            "notification-url": "https://packagist.org/downloads/",
            "license": [
                "MIT"
            ],
            "authors": [
                {
                    "name": "Ahmad Rahimie Ahmad Zailani",
                    "email": "newrehmi@gmail.com",
                    "role": "lead"
                }
            ],
            "description": "Nestful route oriented PHP micro framework",
            "homepage": "http://github.com/rosengate/exedra",
            "keywords": [
                "exedra",
                "framework",
                "microframework",
                "php",
                "rosengate",
                "route",
                "router"
            ],
            "time": "2015-11-12 16:47:20"
        },
        {
            "name": "usmanhalalit/pixie",
            "version": "1.x-dev",
            "source": {
                "type": "git",
                "url": "https://github.com/usmanhalalit/pixie.git",
                "reference": "d92b4b169452d043efcbb768d4e3eb35c7462735"
            },
            "dist": {
                "type": "zip",
                "url": "https://api.github.com/repos/usmanhalalit/pixie/zipball/d92b4b169452d043efcbb768d4e3eb35c7462735",
                "reference": "d92b4b169452d043efcbb768d4e3eb35c7462735",
                "shasum": ""
            },
            "require": {
                "php": ">=5.3.0",
                "usmanhalalit/viocon": "1.0.*@dev"
            },
            "require-dev": {
                "mockery/mockery": "dev-master",
                "phpunit/phpunit": "3.7.*"
            },
            "type": "library",
            "autoload": {
                "psr-0": {
                    "Pixie": "src/"
                }
            },
            "notification-url": "https://packagist.org/downloads/",
            "license": [
                "MIT"
            ],
            "authors": [
                {
                    "name": "Muhammad Usman",
                    "email": "hi@usman.it",
                    "role": "Developer"
                }
            ],
            "description": "A lightweight, expressive, framework agnostic query builder for PHP.",
            "homepage": "https://github.com/usmanhalalit/pixie",
            "keywords": [
                "database",
                "mysql",
                "postgresql",
                "query builder",
                "sql",
                "sqlite"
            ],
            "time": "2014-05-30 13:47:18"
        },
        {
            "name": "usmanhalalit/viocon",
            "version": "1.0.1",
            "source": {
                "type": "git",
                "url": "https://github.com/usmanhalalit/viocon.git",
                "reference": "0878afee16f15355971fb95bf3c6d297aceff35d"
            },
            "dist": {
                "type": "zip",
                "url": "https://api.github.com/repos/usmanhalalit/viocon/zipball/0878afee16f15355971fb95bf3c6d297aceff35d",
                "reference": "0878afee16f15355971fb95bf3c6d297aceff35d",
                "shasum": ""
            },
            "require": {
                "php": ">=5.3.0"
            },
            "require-dev": {
                "phpunit/phpunit": "3.7.*"
            },
            "type": "library",
            "autoload": {
                "psr-0": {
                    "Viocon": "src/"
                }
            },
            "notification-url": "https://packagist.org/downloads/",
            "license": [
                "MIT"
            ],
            "authors": [
                {
                    "name": "Muhammad Usman",
                    "email": "hi@usman.it",
                    "role": "Developer"
                }
            ],
            "description": "A simple and flexible Dependency Injection container for PHP.",
            "homepage": "https://github.com/usmanhalalit/viocon",
            "keywords": [
                "container",
                "di",
                "ioc",
                "test"
            ],
            "time": "2013-07-13 19:54:56"
        }
    ],
    "packages-dev": [],
    "aliases": [],
    "minimum-stability": "stable",
    "stability-flags": {
        "rosengate/exedra": 20,
        "usmanhalalit/pixie": 20
    },
    "prefer-stable": false,
    "prefer-lowest": false,
    "platform": [],
    "platform-dev": []
}
